
Microsoft Visual Studio Solution File, Format Version 12.00
# Visual Studio Version 17
VisualStudioVersion = 17.7.34202.233
MinimumVisualStudioVersion = 10.0.40219.1
Project("{9A19103F-16F7-4668-BE54-9A1E7A4F7556}") = "LazarCalculator", "Calculator\LazarCalculator.csproj", "{51BFB1D7-D99A-4D2B-903A-3B9D6311AA72}"
EndProject
Project("{9A19103F-16F7-4668-BE54-9A1E7A4F7556}") = "Test Area", "ColorDemo\Test Area.csproj", "{FB7C7EAE-7DBE-4888-8D23-F4F710A2B900}"
EndProject
Global
	GlobalSection(SolutionConfigurationPlatforms) = preSolution
		Debug|Any CPU = Debug|Any CPU
		Release|Any CPU = Release|Any CPU
	EndGlobalSection
	GlobalSection(ProjectConfigurationPlatforms) = postSolution
		{51BFB1D7-D99A-4D2B-903A-3B9D6311AA72}.Debug|Any CPU.ActiveCfg = Debug|Any CPU
		{51BFB1D7-D99A-4D2B-903A-3B9D6311AA72}.Debug|Any CPU.Build.0 = Debug|Any CPU
		{51BFB1D7-D99A-4D2B-903A-3B9D6311AA72}.Release|Any CPU.ActiveCfg = Release|Any CPU
		{51BFB1D7-D99A-4D2B-903A-3B9D6311AA72}.Release|Any CPU.Build.0 = Release|Any CPU
		{FB7C7EAE-7DBE-4888-8D23-F4F710A2B900}.Debug|Any CPU.ActiveCfg = Debug|Any CPU
		{FB7C7EAE-7DBE-4888-8D23-F4F710A2B900}.Debug|Any CPU.Build.0 = Debug|Any CPU
		{FB7C7EAE-7DBE-4888-8D23-F4F710A2B900}.Release|Any CPU.ActiveCfg = Release|Any CPU
		{FB7C7EAE-7DBE-4888-8D23-F4F710A2B900}.Release|Any CPU.Build.0 = Release|Any CPU
	EndGlobalSection
	GlobalSection(SolutionProperties) = preSolution
		HideSolutionNode = FALSE
	EndGlobalSection
	GlobalSection(ExtensibilityGlobals) = postSolution
		SolutionGuid = {A38300B6-DACE-4593-96F3-5D531330E42D}
	EndGlobalSection
EndGlobal
